{
    "_readme": [
        "This file locks the dependencies of your project to a known state",
        "Read more about it at https://getcomposer.org/doc/01-basic-usage.md#composer-lock-the-lock-file",
        "This file is @generated automatically"
    ],
    "content-hash": "8b0f47a539ff392d718ff906607be663",
    "packages": [
        {
            "name": "hiteshrohilla/common",
            "version": "dev-master",
            "source": {
                "type": "git",
                "url": "https://github.com/hitswa/composer-package-test.git",
                "reference": "affa1de4e77f6f83b6f6e899ce3b2f409957abde"
            },
            "dist": {
                "type": "zip",
                "url": "https://api.github.com/repos/hitswa/composer-package-test/zipball/affa1de4e77f6f83b6f6e899ce3b2f409957abde",
                "reference": "affa1de4e77f6f83b6f6e899ce3b2f409957abde",
                "shasum": ""
            },
            "require": {
                "ext-mysqli": "*",
                "php": "^5.3.3 || ^7.0"
            },
            "type": "library",
            "autoload": {
                "psr-4": {
                    "Hiteshrohilla\\": "src/Hiteshrohilla"
                }
            },
            "notification-url": "https://packagist.org/downloads/",
            "license": [
                "Creative Commons Attribution-ShareAlike 4.0 International License",
                "Creative Commons Attribution 3.0 License"
            ],
            "authors": [
                {
                    "name": "Er. Hitesh Kumar (Rohilla)",
                    "email": "rohilla.hitesh@gmail.com",
                    "homepage": "http://hiteshrohilla.com/",
                    "role": "Developer"
                }
            ],
            "description": "common files used in development of a php project",
            "homepage": "http://hiteshrohilla.com/",
            "keywords": [
                "common",
                "php"
            ],
            "time": "2018-01-15T13:03:25+00:00"
        }
    ],
    "packages-dev": [],
    "aliases": [],
    "minimum-stability": "stable",
    "stability-flags": {
        "hiteshrohilla/common": 20
    },
    "prefer-stable": false,
    "prefer-lowest": false,
    "platform": [],
    "platform-dev": []
}
